
Microsoft Visual Studio Solution File, Format Version 12.00
# Visual Studio Version 17
VisualStudioVersion = 17.7.34024.191
MinimumVisualStudioVersion = 10.0.40219.1
Project("{FAE04EC0-301F-11D3-BF4B-00C04F79EFBC}") = "POS", "POS\POS.csproj", "{A9187329-94FD-475C-ABFE-6BE61EED08EC}"
EndProject
Global
	GlobalSection(SolutionConfigurationPlatforms) = preSolution
		Debug|Any CPU = Debug|Any CPU
		Release|Any CPU = Release|Any CPU
	EndGlobalSection
	GlobalSection(ProjectConfigurationPlatforms) = postSolution
		{A9187329-94FD-475C-ABFE-6BE61EED08EC}.Debug|Any CPU.ActiveCfg = Debug|Any CPU
		{A9187329-94FD-475C-ABFE-6BE61EED08EC}.Debug|Any CPU.Build.0 = Debug|Any CPU
		{A9187329-94FD-475C-ABFE-6BE61EED08EC}.Release|Any CPU.ActiveCfg = Release|Any CPU
		{A9187329-94FD-475C-ABFE-6BE61EED08EC}.Release|Any CPU.Build.0 = Release|Any CPU
	EndGlobalSection
	GlobalSection(SolutionProperties) = preSolution
		HideSolutionNode = FALSE
	EndGlobalSection
	GlobalSection(ExtensibilityGlobals) = postSolution
		SolutionGuid = {41552967-497A-4947-9B1F-0DA457DF7064}
	EndGlobalSection
EndGlobal
